
Microsoft Visual Studio Solution File, Format Version 12.00
# Visual Studio 15
VisualStudioVersion = 15.0.26730.3
MinimumVisualStudioVersion = 10.0.40219.1
Project("{FAE04EC0-301F-11D3-BF4B-00C04F79EFBC}") = "NTierDemo.DAL", "NTierDemo.DAL\NTierDemo.DAL.csproj", "{CF445760-BF64-4B22-BAD0-095DDF75C214}"
EndProject
Project("{FAE04EC0-301F-11D3-BF4B-00C04F79EFBC}") = "NTierDemo.BLL", "NTierDemo.BLL\NTierDemo.BLL.csproj", "{184A5055-8FAC-4F5F-8DC3-684EC62E2464}"
EndProject
Project("{FAE04EC0-301F-11D3-BF4B-00C04F79EFBC}") = "NTierDemo.GUI", "NTierDemo.GUI\NTierDemo.GUI.csproj", "{A45801AC-9CF0-4D54-95F0-74B6365C325C}"
EndProject
Global
	GlobalSection(SolutionConfigurationPlatforms) = preSolution
		Debug|Any CPU = Debug|Any CPU
		Release|Any CPU = Release|Any CPU
	EndGlobalSection
	GlobalSection(ProjectConfigurationPlatforms) = postSolution
		{CF445760-BF64-4B22-BAD0-095DDF75C214}.Debug|Any CPU.ActiveCfg = Debug|Any CPU
		{CF445760-BF64-4B22-BAD0-095DDF75C214}.Debug|Any CPU.Build.0 = Debug|Any CPU
		{CF445760-BF64-4B22-BAD0-095DDF75C214}.Release|Any CPU.ActiveCfg = Release|Any CPU
		{CF445760-BF64-4B22-BAD0-095DDF75C214}.Release|Any CPU.Build.0 = Release|Any CPU
		{184A5055-8FAC-4F5F-8DC3-684EC62E2464}.Debug|Any CPU.ActiveCfg = Debug|Any CPU
		{184A5055-8FAC-4F5F-8DC3-684EC62E2464}.Debug|Any CPU.Build.0 = Debug|Any CPU
		{184A5055-8FAC-4F5F-8DC3-684EC62E2464}.Release|Any CPU.ActiveCfg = Release|Any CPU
		{184A5055-8FAC-4F5F-8DC3-684EC62E2464}.Release|Any CPU.Build.0 = Release|Any CPU
		{A45801AC-9CF0-4D54-95F0-74B6365C325C}.Debug|Any CPU.ActiveCfg = Debug|Any CPU
		{A45801AC-9CF0-4D54-95F0-74B6365C325C}.Debug|Any CPU.Build.0 = Debug|Any CPU
		{A45801AC-9CF0-4D54-95F0-74B6365C325C}.Release|Any CPU.ActiveCfg = Release|Any CPU
		{A45801AC-9CF0-4D54-95F0-74B6365C325C}.Release|Any CPU.Build.0 = Release|Any CPU
	EndGlobalSection
	GlobalSection(SolutionProperties) = preSolution
		HideSolutionNode = FALSE
	EndGlobalSection
	GlobalSection(ExtensibilityGlobals) = postSolution
		SolutionGuid = {DD36DA90-B36C-47B7-BCEE-D9670882EC55}
	EndGlobalSection
EndGlobal
